<?xml version="1.0" encoding="utf-8"?>
<Project xmlns="http://schemas.microsoft.com/developer/msbuild/2003">
  <PropertyGroup>
    <ProjectGuid>{1094a911-41ee-4e98-9bb7-5939d1224d53}</ProjectGuid>
    <Configuration Condition=" '$(Configuration)' == '' ">Debug</Configuration>
    <Platform Condition=" '$(Platform)' == '' ">AnyCPU</Platform>
    <DCC_DCCCompiler>DCC32</DCC_DCCCompiler>
    <DCC_DependencyCheckOutputName>NewMoreDataChecker.exe</DCC_DependencyCheckOutputName>
    <MainSource>NewMoreDataChecker.dpr</MainSource>
  </PropertyGroup>
  <PropertyGroup Condition=" '$(Configuration)|$(Platform)' == 'Release|AnyCPU' ">
    <Version>7.0</Version>
    <DCC_DebugInformation>False</DCC_DebugInformation>
    <DCC_LocalDebugSymbols>False</DCC_LocalDebugSymbols>
    <DCC_SymbolReferenceInfo>0</DCC_SymbolReferenceInfo>
    <DCC_Define>RELEASE</DCC_Define>
  </PropertyGroup>
  <PropertyGroup Condition=" '$(Configuration)|$(Platform)' == 'Debug|AnyCPU' ">
    <Version>7.0</Version>
    <DCC_Define>DEBUG</DCC_Define>
  </PropertyGroup>
  <ProjectExtensions>
    <Borland.Personality>Delphi.Personality</Borland.Personality>
    <Borland.ProjectType />
    <BorlandProject>
<BorlandProject><Delphi.Personality><Parameters><Parameters Name="UseLauncher">False</Parameters><Parameters Name="LoadAllSymbols">True</Parameters><Parameters Name="LoadUnspecifiedSymbols">False</Parameters></Parameters><VersionInfo><VersionInfo Name="IncludeVerInfo">True</VersionInfo><VersionInfo Name="AutoIncBuild">False</VersionInfo><VersionInfo Name="MajorVer">1</VersionInfo><VersionInfo Name="MinorVer">0</VersionInfo><VersionInfo Name="Release">0</VersionInfo><VersionInfo Name="Build">0</VersionInfo><VersionInfo Name="Debug">False</VersionInfo><VersionInfo Name="PreRelease">False</VersionInfo><VersionInfo Name="Special">False</VersionInfo><VersionInfo Name="Private">False</VersionInfo><VersionInfo Name="DLL">False</VersionInfo><VersionInfo Name="Locale">2052</VersionInfo><VersionInfo Name="CodePage">936</VersionInfo></VersionInfo><VersionInfoKeys><VersionInfoKeys Name="CompanyName"></VersionInfoKeys><VersionInfoKeys Name="FileDescription"></VersionInfoKeys><VersionInfoKeys Name="FileVersion">1.0.0.0</VersionInfoKeys><VersionInfoKeys Name="InternalName"></VersionInfoKeys><VersionInfoKeys Name="LegalCopyright"></VersionInfoKeys><VersionInfoKeys Name="LegalTrademarks"></VersionInfoKeys><VersionInfoKeys Name="OriginalFilename"></VersionInfoKeys><VersionInfoKeys Name="ProductName">牛马对账助手</VersionInfoKeys><VersionInfoKeys Name="ProductVersion">1.0.0.0</VersionInfoKeys><VersionInfoKeys Name="Comments"></VersionInfoKeys></VersionInfoKeys><Source><Source Name="MainSource">NewMoreDataChecker.dpr</Source></Source></Delphi.Personality></BorlandProject></BorlandProject>
  </ProjectExtensions>
  <Import Project="$(MSBuildBinPath)\Borland.Delphi.Targets" />
  <ItemGroup>
    <DelphiCompile Include="NewMoreDataChecker.dpr">
      <MainSource>MainSource</MainSource>
    </DelphiCompile>
    <DCCReference Include="PUBLIC\Dbgrid_s.pas" />
    <DCCReference Include="PUBLIC\rsa.pas" />
    <DCCReference Include="PUBLIC\rsa_sh.pas" />
    <DCCReference Include="PUBLIC\UnCommanBas.pas" />
    <DCCReference Include="PUBLIC\unConsts.pas" />
    <DCCReference Include="PUBLIC\unDmMain.pas">
      <Form>DmMain</Form>
    </DCCReference>
    <DCCReference Include="PUBLIC\undmMe.pas">
      <Form>dmMe</Form>
    </DCCReference>
    <DCCReference Include="PUBLIC\unfrmLogin.pas">
      <Form>frmLogin</Form>
    </DCCReference>
    <DCCReference Include="PUBLIC\unfrmMeFunction.pas">
      <Form>frmMeFunction</Form>
    </DCCReference>
    <DCCReference Include="PUBLIC\UnFrm_CC_UNIT_CODE.pas">
      <Form>Frm_cc_unitcode</Form>
    </DCCReference>
    <DCCReference Include="PUBLIC\Unfrm_email.pas">
      <Form>frm_email</Form>
    </DCCReference>
    <DCCReference Include="PUBLIC\unLib.pas" />
    <DCCReference Include="PUBLIC\unpub_sfsc.pas" />
    <DCCReference Include="Unit1.pas">
      <Form>Form1</Form>
    </DCCReference>
  </ItemGroup>
</Project>